
Microsoft Visual Studio Solution File, Format Version 12.00
# Visual Studio Version 16
VisualStudioVersion = 16.0.30128.74
MinimumVisualStudioVersion = 10.0.40219.1
Project("{FAE04EC0-301F-11D3-BF4B-00C04F79EFBC}") = "WCFTaskFourService", "WCFTaskFourService\WCFTaskFourService.csproj", "{FFAEB0BC-D869-42B0-8FB7-982B75FE6120}"
EndProject
Global
	GlobalSection(SolutionConfigurationPlatforms) = preSolution
		Debug|Any CPU = Debug|Any CPU
		Release|Any CPU = Release|Any CPU
	EndGlobalSection
	GlobalSection(ProjectConfigurationPlatforms) = postSolution
		{FFAEB0BC-D869-42B0-8FB7-982B75FE6120}.Debug|Any CPU.ActiveCfg = Debug|Any CPU
		{FFAEB0BC-D869-42B0-8FB7-982B75FE6120}.Debug|Any CPU.Build.0 = Debug|Any CPU
		{FFAEB0BC-D869-42B0-8FB7-982B75FE6120}.Release|Any CPU.ActiveCfg = Release|Any CPU
		{FFAEB0BC-D869-42B0-8FB7-982B75FE6120}.Release|Any CPU.Build.0 = Release|Any CPU
	EndGlobalSection
	GlobalSection(SolutionProperties) = preSolution
		HideSolutionNode = FALSE
	EndGlobalSection
	GlobalSection(ExtensibilityGlobals) = postSolution
		SolutionGuid = {D665F1E1-2BBF-4D87-A86D-4FB75C45BC99}
	EndGlobalSection
EndGlobal
